{
    "_readme": [
        "This file locks the dependencies of your project to a known state",
        "Read more about it at https://getcomposer.org/doc/01-basic-usage.md#installing-dependencies",
        "This file is @generated automatically"
    ],
    "content-hash": "5b627bc57b168882112804680aaff817",
    "packages": [
        {
            "name": "symfony/asset",
            "version": "dev-master",
            "source": {
                "type": "git",
                "url": "https://github.com/symfony/asset.git",
                "reference": "89be18e3e4109977b782d5fe959aaf7cd4036974"
            },
            "dist": {
                "type": "zip",
                "url": "https://api.github.com/repos/symfony/asset/zipball/89be18e3e4109977b782d5fe959aaf7cd4036974",
                "reference": "89be18e3e4109977b782d5fe959aaf7cd4036974",
                "shasum": ""
            },
            "require": {
                "php": "^7.1.3"
            },
            "require-dev": {
                "symfony/http-foundation": "~3.4|~4.0",
                "symfony/http-kernel": "~3.4|~4.0"
            },
            "suggest": {
                "symfony/http-foundation": ""
            },
            "type": "library",
            "extra": {
                "branch-alias": {
                    "dev-master": "4.2-dev"
                }
            },
            "autoload": {
                "psr-4": {
                    "Symfony\\Component\\Asset\\": ""
                },
                "exclude-from-classmap": [
                    "/Tests/"
                ]
            },
            "notification-url": "https://packagist.org/downloads/",
            "license": [
                "MIT"
            ],
            "authors": [
                {
                    "name": "Fabien Potencier",
                    "email": "fabien@symfony.com"
                },
                {
                    "name": "Symfony Community",
                    "homepage": "https://symfony.com/contributors"
                }
            ],
            "description": "Symfony Asset Component",
            "homepage": "https://symfony.com",
            "time": "2018-07-26T09:13:01+00:00"
        },
        {
            "name": "symfony/polyfill-ctype",
            "version": "dev-master",
            "source": {
                "type": "git",
                "url": "https://github.com/symfony/polyfill-ctype.git",
                "reference": "9d31bef82d2e9b033f335d60b96611757f98c605"
            },
            "dist": {
                "type": "zip",
                "url": "https://api.github.com/repos/symfony/polyfill-ctype/zipball/9d31bef82d2e9b033f335d60b96611757f98c605",
                "reference": "9d31bef82d2e9b033f335d60b96611757f98c605",
                "shasum": ""
            },
            "require": {
                "php": ">=5.3.3"
            },
            "suggest": {
                "ext-ctype": "For best performance"
            },
            "type": "library",
            "extra": {
                "branch-alias": {
                    "dev-master": "1.8-dev"
                }
            },
            "autoload": {
                "psr-4": {
                    "Symfony\\Polyfill\\Ctype\\": ""
                },
                "files": [
                    "bootstrap.php"
                ]
            },
            "notification-url": "https://packagist.org/downloads/",
            "license": [
                "MIT"
            ],
            "authors": [
                {
                    "name": "Symfony Community",
                    "homepage": "https://symfony.com/contributors"
                },
                {
                    "name": "Gert de Pagter",
                    "email": "BackEndTea@gmail.com"
                }
            ],
            "description": "Symfony polyfill for ctype functions",
            "homepage": "https://symfony.com",
            "keywords": [
                "compatibility",
                "ctype",
                "polyfill",
                "portable"
            ],
            "time": "2018-05-17T18:32:56+00:00"
        },
        {
            "name": "symfony/twig-bridge",
            "version": "dev-master",
            "source": {
                "type": "git",
                "url": "https://github.com/symfony/twig-bridge.git",
                "reference": "b4fd80f68e45a4eb5a8ee4f41fd9049d83225017"
            },
            "dist": {
                "type": "zip",
                "url": "https://api.github.com/repos/symfony/twig-bridge/zipball/b4fd80f68e45a4eb5a8ee4f41fd9049d83225017",
                "reference": "b4fd80f68e45a4eb5a8ee4f41fd9049d83225017",
                "shasum": ""
            },
            "require": {
                "php": "^7.1.3",
                "twig/twig": "^1.35|^2.4.4"
            },
            "conflict": {
                "symfony/console": "<3.4",
                "symfony/form": "<4.1.2"
            },
            "require-dev": {
                "symfony/asset": "~3.4|~4.0",
                "symfony/console": "~3.4|~4.0",
                "symfony/dependency-injection": "~3.4|~4.0",
                "symfony/expression-language": "~3.4|~4.0",
                "symfony/finder": "~3.4|~4.0",
                "symfony/form": "^4.1.2",
                "symfony/http-foundation": "~3.4|~4.0",
                "symfony/http-kernel": "~3.4|~4.0",
                "symfony/polyfill-intl-icu": "~1.0",
                "symfony/routing": "~3.4|~4.0",
                "symfony/security": "~3.4|~4.0",
                "symfony/security-acl": "~2.8|~3.0",
                "symfony/stopwatch": "~3.4|~4.0",
                "symfony/templating": "~3.4|~4.0",
                "symfony/translation": "~3.4|~4.0",
                "symfony/var-dumper": "~3.4|~4.0",
                "symfony/web-link": "~3.4|~4.0",
                "symfony/workflow": "~3.4|~4.0",
                "symfony/yaml": "~3.4|~4.0"
            },
            "suggest": {
                "symfony/asset": "For using the AssetExtension",
                "symfony/expression-language": "For using the ExpressionExtension",
                "symfony/finder": "",
                "symfony/form": "For using the FormExtension",
                "symfony/http-kernel": "For using the HttpKernelExtension",
                "symfony/routing": "For using the RoutingExtension",
                "symfony/security": "For using the SecurityExtension",
                "symfony/stopwatch": "For using the StopwatchExtension",
                "symfony/templating": "For using the TwigEngine",
                "symfony/translation": "For using the TranslationExtension",
                "symfony/var-dumper": "For using the DumpExtension",
                "symfony/web-link": "For using the WebLinkExtension",
                "symfony/yaml": "For using the YamlExtension"
            },
            "type": "symfony-bridge",
            "extra": {
                "branch-alias": {
                    "dev-master": "4.2-dev"
                }
            },
            "autoload": {
                "psr-4": {
                    "Symfony\\Bridge\\Twig\\": ""
                },
                "exclude-from-classmap": [
                    "/Tests/"
                ]
            },
            "notification-url": "https://packagist.org/downloads/",
            "license": [
                "MIT"
            ],
            "authors": [
                {
                    "name": "Fabien Potencier",
                    "email": "fabien@symfony.com"
                },
                {
                    "name": "Symfony Community",
                    "homepage": "https://symfony.com/contributors"
                }
            ],
            "description": "Symfony Twig Bridge",
            "homepage": "https://symfony.com",
            "time": "2018-08-18T16:57:16+00:00"
        },
        {
            "name": "symfony/yaml",
            "version": "dev-master",
            "source": {
                "type": "git",
                "url": "https://github.com/symfony/yaml.git",
                "reference": "07a9881ca56421f7c1a9e5cc5c9042c12188f10a"
            },
            "dist": {
                "type": "zip",
                "url": "https://api.github.com/repos/symfony/yaml/zipball/07a9881ca56421f7c1a9e5cc5c9042c12188f10a",
                "reference": "07a9881ca56421f7c1a9e5cc5c9042c12188f10a",
                "shasum": ""
            },
            "require": {
                "php": "^7.1.3",
                "symfony/polyfill-ctype": "~1.8"
            },
            "conflict": {
                "symfony/console": "<3.4"
            },
            "require-dev": {
                "symfony/console": "~3.4|~4.0"
            },
            "suggest": {
                "symfony/console": "For validating YAML files using the lint command"
            },
            "type": "library",
            "extra": {
                "branch-alias": {
                    "dev-master": "4.2-dev"
                }
            },
            "autoload": {
                "psr-4": {
                    "Symfony\\Component\\Yaml\\": ""
                },
                "exclude-from-classmap": [
                    "/Tests/"
                ]
            },
            "notification-url": "https://packagist.org/downloads/",
            "license": [
                "MIT"
            ],
            "authors": [
                {
                    "name": "Fabien Potencier",
                    "email": "fabien@symfony.com"
                },
                {
                    "name": "Symfony Community",
                    "homepage": "https://symfony.com/contributors"
                }
            ],
            "description": "Symfony Yaml Component",
            "homepage": "https://symfony.com",
            "time": "2018-09-21T11:02:43+00:00"
        },
        {
            "name": "twig/extensions",
            "version": "dev-master",
            "source": {
                "type": "git",
                "url": "https://github.com/twigphp/Twig-extensions.git",
                "reference": "2c1a86526d0044065220d1b51ac08348bea5ca82"
            },
            "dist": {
                "type": "zip",
                "url": "https://api.github.com/repos/twigphp/Twig-extensions/zipball/2c1a86526d0044065220d1b51ac08348bea5ca82",
                "reference": "2c1a86526d0044065220d1b51ac08348bea5ca82",
                "shasum": ""
            },
            "require": {
                "twig/twig": "^1.27|^2.0"
            },
            "require-dev": {
                "symfony/phpunit-bridge": "^3.4",
                "symfony/translation": "^2.7|^3.4"
            },
            "suggest": {
                "symfony/translation": "Allow the time_diff output to be translated"
            },
            "type": "library",
            "extra": {
                "branch-alias": {
                    "dev-master": "1.5-dev"
                }
            },
            "autoload": {
                "psr-0": {
                    "Twig_Extensions_": "lib/"
                },
                "psr-4": {
                    "Twig\\Extensions\\": "src/"
                }
            },
            "notification-url": "https://packagist.org/downloads/",
            "license": [
                "MIT"
            ],
            "authors": [
                {
                    "name": "Fabien Potencier",
                    "email": "fabien@symfony.com"
                }
            ],
            "description": "Common additional features for Twig that do not directly belong in core",
            "keywords": [
                "i18n",
                "text"
            ],
            "time": "2018-05-22T13:26:07+00:00"
        },
        {
            "name": "twig/twig",
            "version": "1.x-dev",
            "source": {
                "type": "git",
                "url": "https://github.com/twigphp/Twig.git",
                "reference": "76cc34554b42d7b8f5ba9b345106fa076992f364"
            },
            "dist": {
                "type": "zip",
                "url": "https://api.github.com/repos/twigphp/Twig/zipball/76cc34554b42d7b8f5ba9b345106fa076992f364",
                "reference": "76cc34554b42d7b8f5ba9b345106fa076992f364",
                "shasum": ""
            },
            "require": {
                "php": ">=5.3.3",
                "symfony/polyfill-ctype": "^1.8"
            },
            "require-dev": {
                "psr/container": "^1.0",
                "symfony/debug": "^2.7",
                "symfony/phpunit-bridge": "^3.3"
            },
            "type": "library",
            "extra": {
                "branch-alias": {
                    "dev-master": "1.35-dev"
                }
            },
            "autoload": {
                "psr-0": {
                    "Twig_": "lib/"
                },
                "psr-4": {
                    "Twig\\": "src/"
                }
            },
            "notification-url": "https://packagist.org/downloads/",
            "license": [
                "BSD-3-Clause"
            ],
            "authors": [
                {
                    "name": "Fabien Potencier",
                    "email": "fabien@symfony.com",
                    "homepage": "http://fabien.potencier.org",
                    "role": "Lead Developer"
                },
                {
                    "name": "Armin Ronacher",
                    "email": "armin.ronacher@active-4.com",
                    "role": "Project Founder"
                },
                {
                    "name": "Twig Team",
                    "homepage": "https://twig.symfony.com/contributors",
                    "role": "Contributors"
                }
            ],
            "description": "Twig, the flexible, fast, and secure template language for PHP",
            "homepage": "https://twig.symfony.com",
            "keywords": [
                "templating"
            ],
            "time": "2018-06-25T15:02:19+00:00"
        }
    ],
    "packages-dev": [],
    "aliases": [],
    "minimum-stability": "dev",
    "stability-flags": {
        "twig/twig": 20,
        "symfony/asset": 20,
        "symfony/twig-bridge": 20,
        "twig/extensions": 20,
        "symfony/yaml": 20
    },
    "prefer-stable": false,
    "prefer-lowest": false,
    "platform": [],
    "platform-dev": []
}
